
Microsoft Visual Studio Solution File, Format Version 12.00
# Visual Studio 2012
Project("{FAE04EC0-301F-11D3-BF4B-00C04F79EFBC}") = "Calculator", "Calculator\Calculator.csproj", "{D744A9F4-ED70-46E8-8AF8-39877329B6FE}"
EndProject
Project("{FAE04EC0-301F-11D3-BF4B-00C04F79EFBC}") = "Calculator.test", "Calculator.test\Calculator.test.csproj", "{17A433CD-9687-46FA-997C-AB0454386D17}"
EndProject
Project("{2150E333-8FDC-42A3-9474-1A3956D46DE8}") = ".nuget", ".nuget", "{4E286D66-1496-486C-BEEE-D6CF2AE91BD4}"
	ProjectSection(SolutionItems) = preProject
		.nuget\packages.config = .nuget\packages.config
	EndProjectSection
EndProject
Global
	GlobalSection(SolutionConfigurationPlatforms) = preSolution
		Debug|Any CPU = Debug|Any CPU
		Release|Any CPU = Release|Any CPU
	EndGlobalSection
	GlobalSection(ProjectConfigurationPlatforms) = postSolution
		{D744A9F4-ED70-46E8-8AF8-39877329B6FE}.Debug|Any CPU.ActiveCfg = Debug|Any CPU
		{D744A9F4-ED70-46E8-8AF8-39877329B6FE}.Debug|Any CPU.Build.0 = Debug|Any CPU
		{D744A9F4-ED70-46E8-8AF8-39877329B6FE}.Release|Any CPU.ActiveCfg = Release|Any CPU
		{D744A9F4-ED70-46E8-8AF8-39877329B6FE}.Release|Any CPU.Build.0 = Release|Any CPU
		{17A433CD-9687-46FA-997C-AB0454386D17}.Debug|Any CPU.ActiveCfg = Debug|Any CPU
		{17A433CD-9687-46FA-997C-AB0454386D17}.Debug|Any CPU.Build.0 = Debug|Any CPU
		{17A433CD-9687-46FA-997C-AB0454386D17}.Release|Any CPU.ActiveCfg = Release|Any CPU
		{17A433CD-9687-46FA-997C-AB0454386D17}.Release|Any CPU.Build.0 = Release|Any CPU
	EndGlobalSection
	GlobalSection(SolutionProperties) = preSolution
		HideSolutionNode = FALSE
	EndGlobalSection
EndGlobal
